{
  "lockfileVersion": 1,
  "workspaces": {
    "": {
      "name": "@3-/verb64",
      "dependencies": {
        "@3-/vb": "^0.1.6",
      },
    },
  },
  "packages": {
    "@3-/vb": ["@3-/vb@0.1.6", "", {}, "sha512-oxv/UD8RR/H9k8RaOA+3fqNuhPhrEZL+xDjtrHt+kZK8W4AEp/NcGBcNU1JtIG6/MQvEJ5IeHq9i7SX1JBA++Q=="],
  }
}
